
Microsoft Visual Studio Solution File, Format Version 12.00
# Visual Studio Version 16
VisualStudioVersion = 16.0.31729.503
MinimumVisualStudioVersion = 10.0.40219.1
Project("{FAE04EC0-301F-11D3-BF4B-00C04F79EFBC}") = "Rich_and_Bankrupt", "Rich_and_Bankrupt\Rich_and_Bankrupt.csproj", "{BCD6A622-0F81-490B-8E69-574B32DDB5B1}"
EndProject
Global
	GlobalSection(SolutionConfigurationPlatforms) = preSolution
		Debug|Any CPU = Debug|Any CPU
		Release|Any CPU = Release|Any CPU
	EndGlobalSection
	GlobalSection(ProjectConfigurationPlatforms) = postSolution
		{BCD6A622-0F81-490B-8E69-574B32DDB5B1}.Debug|Any CPU.ActiveCfg = Debug|Any CPU
		{BCD6A622-0F81-490B-8E69-574B32DDB5B1}.Debug|Any CPU.Build.0 = Debug|Any CPU
		{BCD6A622-0F81-490B-8E69-574B32DDB5B1}.Release|Any CPU.ActiveCfg = Release|Any CPU
		{BCD6A622-0F81-490B-8E69-574B32DDB5B1}.Release|Any CPU.Build.0 = Release|Any CPU
	EndGlobalSection
	GlobalSection(SolutionProperties) = preSolution
		HideSolutionNode = FALSE
	EndGlobalSection
	GlobalSection(ExtensibilityGlobals) = postSolution
		SolutionGuid = {0FA3411D-8334-44DD-B64F-1DCAD058AC0E}
	EndGlobalSection
EndGlobal
